
Microsoft Visual Studio Solution File, Format Version 12.00
# Visual Studio Version 16
VisualStudioVersion = 16.0.29519.87
MinimumVisualStudioVersion = 10.0.40219.1
Project("{8BC9CEB8-8B4A-11D0-8D11-00A0C91BC942}") = "Macros_Constantes", "Macros_Constantes\Macros_Constantes.vcxproj", "{3CB0C369-40DE-4CC2-8729-616F18FD87A7}"
EndProject
Project("{8BC9CEB8-8B4A-11D0-8D11-00A0C91BC942}") = "InstructionSwitch", "InstructionSwitch\InstructionSwitch.vcxproj", "{C1B51C71-08F9-4498-90B6-A931465581EB}"
EndProject
Project("{8BC9CEB8-8B4A-11D0-8D11-00A0C91BC942}") = "Boucles_While", "Boucles_While\Boucles_While.vcxproj", "{20554EC9-D209-497E-AE10-78434934C9B9}"
EndProject
Project("{8BC9CEB8-8B4A-11D0-8D11-00A0C91BC942}") = "Exercice1", "Exercice1\Exercice1.vcxproj", "{1ACB714D-4A54-444E-8AC3-B16635AABFD6}"
EndProject
Project("{8BC9CEB8-8B4A-11D0-8D11-00A0C91BC942}") = "ExempleBoucleInfinie", "ExempleBoucleInfinie\ExempleBoucleInfinie.vcxproj", "{1FE50B97-A5EE-41AD-8A59-5645DA5BB7D0}"
EndProject
Project("{8BC9CEB8-8B4A-11D0-8D11-00A0C91BC942}") = "factorielle", "factorielle\factorielle.vcxproj", "{72C0119B-106C-4EF3-9037-954185A82179}"
EndProject
Global
	GlobalSection(SolutionConfigurationPlatforms) = preSolution
		Debug|x64 = Debug|x64
		Debug|x86 = Debug|x86
		Release|x64 = Release|x64
		Release|x86 = Release|x86
	EndGlobalSection
	GlobalSection(ProjectConfigurationPlatforms) = postSolution
		{3CB0C369-40DE-4CC2-8729-616F18FD87A7}.Debug|x64.ActiveCfg = Debug|x64
		{3CB0C369-40DE-4CC2-8729-616F18FD87A7}.Debug|x64.Build.0 = Debug|x64
		{3CB0C369-40DE-4CC2-8729-616F18FD87A7}.Debug|x86.ActiveCfg = Debug|Win32
		{3CB0C369-40DE-4CC2-8729-616F18FD87A7}.Debug|x86.Build.0 = Debug|Win32
		{3CB0C369-40DE-4CC2-8729-616F18FD87A7}.Release|x64.ActiveCfg = Release|x64
		{3CB0C369-40DE-4CC2-8729-616F18FD87A7}.Release|x64.Build.0 = Release|x64
		{3CB0C369-40DE-4CC2-8729-616F18FD87A7}.Release|x86.ActiveCfg = Release|Win32
		{3CB0C369-40DE-4CC2-8729-616F18FD87A7}.Release|x86.Build.0 = Release|Win32
		{C1B51C71-08F9-4498-90B6-A931465581EB}.Debug|x64.ActiveCfg = Debug|x64
		{C1B51C71-08F9-4498-90B6-A931465581EB}.Debug|x64.Build.0 = Debug|x64
		{C1B51C71-08F9-4498-90B6-A931465581EB}.Debug|x86.ActiveCfg = Debug|Win32
		{C1B51C71-08F9-4498-90B6-A931465581EB}.Debug|x86.Build.0 = Debug|Win32
		{C1B51C71-08F9-4498-90B6-A931465581EB}.Release|x64.ActiveCfg = Release|x64
		{C1B51C71-08F9-4498-90B6-A931465581EB}.Release|x64.Build.0 = Release|x64
		{C1B51C71-08F9-4498-90B6-A931465581EB}.Release|x86.ActiveCfg = Release|Win32
		{C1B51C71-08F9-4498-90B6-A931465581EB}.Release|x86.Build.0 = Release|Win32
		{20554EC9-D209-497E-AE10-78434934C9B9}.Debug|x64.ActiveCfg = Debug|x64
		{20554EC9-D209-497E-AE10-78434934C9B9}.Debug|x64.Build.0 = Debug|x64
		{20554EC9-D209-497E-AE10-78434934C9B9}.Debug|x86.ActiveCfg = Debug|Win32
		{20554EC9-D209-497E-AE10-78434934C9B9}.Debug|x86.Build.0 = Debug|Win32
		{20554EC9-D209-497E-AE10-78434934C9B9}.Release|x64.ActiveCfg = Release|x64
		{20554EC9-D209-497E-AE10-78434934C9B9}.Release|x64.Build.0 = Release|x64
		{20554EC9-D209-497E-AE10-78434934C9B9}.Release|x86.ActiveCfg = Release|Win32
		{20554EC9-D209-497E-AE10-78434934C9B9}.Release|x86.Build.0 = Release|Win32
		{1ACB714D-4A54-444E-8AC3-B16635AABFD6}.Debug|x64.ActiveCfg = Debug|x64
		{1ACB714D-4A54-444E-8AC3-B16635AABFD6}.Debug|x64.Build.0 = Debug|x64
		{1ACB714D-4A54-444E-8AC3-B16635AABFD6}.Debug|x86.ActiveCfg = Debug|Win32
		{1ACB714D-4A54-444E-8AC3-B16635AABFD6}.Debug|x86.Build.0 = Debug|Win32
		{1ACB714D-4A54-444E-8AC3-B16635AABFD6}.Release|x64.ActiveCfg = Release|x64
		{1ACB714D-4A54-444E-8AC3-B16635AABFD6}.Release|x64.Build.0 = Release|x64
		{1ACB714D-4A54-444E-8AC3-B16635AABFD6}.Release|x86.ActiveCfg = Release|Win32
		{1ACB714D-4A54-444E-8AC3-B16635AABFD6}.Release|x86.Build.0 = Release|Win32
		{1FE50B97-A5EE-41AD-8A59-5645DA5BB7D0}.Debug|x64.ActiveCfg = Debug|x64
		{1FE50B97-A5EE-41AD-8A59-5645DA5BB7D0}.Debug|x64.Build.0 = Debug|x64
		{1FE50B97-A5EE-41AD-8A59-5645DA5BB7D0}.Debug|x86.ActiveCfg = Debug|Win32
		{1FE50B97-A5EE-41AD-8A59-5645DA5BB7D0}.Debug|x86.Build.0 = Debug|Win32
		{1FE50B97-A5EE-41AD-8A59-5645DA5BB7D0}.Release|x64.ActiveCfg = Release|x64
		{1FE50B97-A5EE-41AD-8A59-5645DA5BB7D0}.Release|x64.Build.0 = Release|x64
		{1FE50B97-A5EE-41AD-8A59-5645DA5BB7D0}.Release|x86.ActiveCfg = Release|Win32
		{1FE50B97-A5EE-41AD-8A59-5645DA5BB7D0}.Release|x86.Build.0 = Release|Win32
		{72C0119B-106C-4EF3-9037-954185A82179}.Debug|x64.ActiveCfg = Debug|x64
		{72C0119B-106C-4EF3-9037-954185A82179}.Debug|x64.Build.0 = Debug|x64
		{72C0119B-106C-4EF3-9037-954185A82179}.Debug|x86.ActiveCfg = Debug|Win32
		{72C0119B-106C-4EF3-9037-954185A82179}.Debug|x86.Build.0 = Debug|Win32
		{72C0119B-106C-4EF3-9037-954185A82179}.Release|x64.ActiveCfg = Release|x64
		{72C0119B-106C-4EF3-9037-954185A82179}.Release|x64.Build.0 = Release|x64
		{72C0119B-106C-4EF3-9037-954185A82179}.Release|x86.ActiveCfg = Release|Win32
		{72C0119B-106C-4EF3-9037-954185A82179}.Release|x86.Build.0 = Release|Win32
	EndGlobalSection
	GlobalSection(SolutionProperties) = preSolution
		HideSolutionNode = FALSE
	EndGlobalSection
	GlobalSection(ExtensibilityGlobals) = postSolution
		SolutionGuid = {28B85B2C-F87D-44F6-93B4-89822F7A8A1D}
	EndGlobalSection
EndGlobal
