
Microsoft Visual Studio Solution File, Format Version 12.00
# Visual Studio Version 16
VisualStudioVersion = 16.0.29519.87
MinimumVisualStudioVersion = 10.0.40219.1
Project("{8BC9CEB8-8B4A-11D0-8D11-00A0C91BC942}") = "Tableau-Motivation", "Tableau-Motivation\Tableau-Motivation.vcxproj", "{E0C0AB6E-8C1D-43A6-A29D-AAA7E5E6A7BD}"
EndProject
Global
	GlobalSection(SolutionConfigurationPlatforms) = preSolution
		Debug|x64 = Debug|x64
		Debug|x86 = Debug|x86
		Release|x64 = Release|x64
		Release|x86 = Release|x86
	EndGlobalSection
	GlobalSection(ProjectConfigurationPlatforms) = postSolution
		{E0C0AB6E-8C1D-43A6-A29D-AAA7E5E6A7BD}.Debug|x64.ActiveCfg = Debug|x64
		{E0C0AB6E-8C1D-43A6-A29D-AAA7E5E6A7BD}.Debug|x64.Build.0 = Debug|x64
		{E0C0AB6E-8C1D-43A6-A29D-AAA7E5E6A7BD}.Debug|x86.ActiveCfg = Debug|Win32
		{E0C0AB6E-8C1D-43A6-A29D-AAA7E5E6A7BD}.Debug|x86.Build.0 = Debug|Win32
		{E0C0AB6E-8C1D-43A6-A29D-AAA7E5E6A7BD}.Release|x64.ActiveCfg = Release|x64
		{E0C0AB6E-8C1D-43A6-A29D-AAA7E5E6A7BD}.Release|x64.Build.0 = Release|x64
		{E0C0AB6E-8C1D-43A6-A29D-AAA7E5E6A7BD}.Release|x86.ActiveCfg = Release|Win32
		{E0C0AB6E-8C1D-43A6-A29D-AAA7E5E6A7BD}.Release|x86.Build.0 = Release|Win32
	EndGlobalSection
	GlobalSection(SolutionProperties) = preSolution
		HideSolutionNode = FALSE
	EndGlobalSection
	GlobalSection(ExtensibilityGlobals) = postSolution
		SolutionGuid = {B78B8E2D-9768-4FB9-A1F5-1BF734D13E20}
	EndGlobalSection
EndGlobal
